
Microsoft Visual Studio Solution File, Format Version 12.00
# Visual Studio Version 17
VisualStudioVersion = 17.5.33424.131
MinimumVisualStudioVersion = 10.0.40219.1
Project("{9A19103F-16F7-4668-BE54-9A1E7A4F7556}") = "MB.SimTaxi.Web", "MB.SimTaxi.Web\MB.SimTaxi.Web.csproj", "{956B2709-D940-4C43-A550-25395041FF6A}"
EndProject
Project("{FAE04EC0-301F-11D3-BF4B-00C04F79EFBC}") = "Test", "Test\Test.csproj", "{2F6D98E5-88AE-4189-8960-684F8C0EB976}"
EndProject
Global
	GlobalSection(SolutionConfigurationPlatforms) = preSolution
		Debug|Any CPU = Debug|Any CPU
		Release|Any CPU = Release|Any CPU
	EndGlobalSection
	GlobalSection(ProjectConfigurationPlatforms) = postSolution
		{956B2709-D940-4C43-A550-25395041FF6A}.Debug|Any CPU.ActiveCfg = Debug|Any CPU
		{956B2709-D940-4C43-A550-25395041FF6A}.Debug|Any CPU.Build.0 = Debug|Any CPU
		{956B2709-D940-4C43-A550-25395041FF6A}.Release|Any CPU.ActiveCfg = Release|Any CPU
		{956B2709-D940-4C43-A550-25395041FF6A}.Release|Any CPU.Build.0 = Release|Any CPU
		{2F6D98E5-88AE-4189-8960-684F8C0EB976}.Debug|Any CPU.ActiveCfg = Debug|Any CPU
		{2F6D98E5-88AE-4189-8960-684F8C0EB976}.Debug|Any CPU.Build.0 = Debug|Any CPU
		{2F6D98E5-88AE-4189-8960-684F8C0EB976}.Release|Any CPU.ActiveCfg = Release|Any CPU
		{2F6D98E5-88AE-4189-8960-684F8C0EB976}.Release|Any CPU.Build.0 = Release|Any CPU
	EndGlobalSection
	GlobalSection(SolutionProperties) = preSolution
		HideSolutionNode = FALSE
	EndGlobalSection
	GlobalSection(ExtensibilityGlobals) = postSolution
		SolutionGuid = {D284CC46-9DF3-4F61-841F-3DD2FC24C278}
	EndGlobalSection
EndGlobal
